
Microsoft Visual Studio Solution File, Format Version 12.00
# Visual Studio Version 17
VisualStudioVersion = 17.10.35013.160
MinimumVisualStudioVersion = 10.0.40219.1
Project("{FAE04EC0-301F-11D3-BF4B-00C04F79EFBC}") = "UniProject", "UniProject.csproj", "{09564170-2764-421E-A346-DAFE13E5AAA7}"
EndProject
Global
	GlobalSection(SolutionConfigurationPlatforms) = preSolution
		Debug|Any CPU = Debug|Any CPU
		Release|Any CPU = Release|Any CPU
	EndGlobalSection
	GlobalSection(ProjectConfigurationPlatforms) = postSolution
		{09564170-2764-421E-A346-DAFE13E5AAA7}.Debug|Any CPU.ActiveCfg = Debug|Any CPU
		{09564170-2764-421E-A346-DAFE13E5AAA7}.Debug|Any CPU.Build.0 = Debug|Any CPU
		{09564170-2764-421E-A346-DAFE13E5AAA7}.Release|Any CPU.ActiveCfg = Release|Any CPU
		{09564170-2764-421E-A346-DAFE13E5AAA7}.Release|Any CPU.Build.0 = Release|Any CPU
	EndGlobalSection
	GlobalSection(SolutionProperties) = preSolution
		HideSolutionNode = FALSE
	EndGlobalSection
	GlobalSection(ExtensibilityGlobals) = postSolution
		SolutionGuid = {D7C5FAC7-6A05-4EB7-B8FC-E893741D946D}
	EndGlobalSection
EndGlobal
